
Microsoft Visual Studio Solution File, Format Version 12.00
# Visual Studio 15
VisualStudioVersion = 15.0.27703.2042
MinimumVisualStudioVersion = 10.0.40219.1
Project("{FAE04EC0-301F-11D3-BF4B-00C04F79EFBC}") = "SuperheroProject", "SuperheroProject\SuperheroProject.csproj", "{1CA8BF0B-6580-46F2-A134-700CA7342EFD}"
EndProject
Global
	GlobalSection(SolutionConfigurationPlatforms) = preSolution
		Debug|Any CPU = Debug|Any CPU
		Release|Any CPU = Release|Any CPU
	EndGlobalSection
	GlobalSection(ProjectConfigurationPlatforms) = postSolution
		{1CA8BF0B-6580-46F2-A134-700CA7342EFD}.Debug|Any CPU.ActiveCfg = Debug|Any CPU
		{1CA8BF0B-6580-46F2-A134-700CA7342EFD}.Debug|Any CPU.Build.0 = Debug|Any CPU
		{1CA8BF0B-6580-46F2-A134-700CA7342EFD}.Release|Any CPU.ActiveCfg = Release|Any CPU
		{1CA8BF0B-6580-46F2-A134-700CA7342EFD}.Release|Any CPU.Build.0 = Release|Any CPU
	EndGlobalSection
	GlobalSection(SolutionProperties) = preSolution
		HideSolutionNode = FALSE
	EndGlobalSection
	GlobalSection(ExtensibilityGlobals) = postSolution
		SolutionGuid = {35EDB8EB-90DE-4007-986D-B44995494DE0}
	EndGlobalSection
EndGlobal
